
Microsoft Visual Studio Solution File, Format Version 12.00
# Visual Studio Version 17
VisualStudioVersion = 17.7.34031.279
MinimumVisualStudioVersion = 10.0.40219.1
Project("{2150E333-8FDC-42A3-9474-1A3956D46DE8}") = "src", "src", "{64A28C1B-09AF-426E-8721-D002BE554B48}"
EndProject
Project("{FAE04EC0-301F-11D3-BF4B-00C04F79EFBC}") = "DDD_CQRS.Application", "src\DDD_CQRS.Application\DDD_CQRS.Application.csproj", "{E03A6538-D888-9C1A-81AC-F36A7C344E20}"
EndProject
Project("{FAE04EC0-301F-11D3-BF4B-00C04F79EFBC}") = "DDD_CQRS.Domain", "src\DDD_CQRS.Domain\DDD_CQRS.Domain.csproj", "{BDBD1152-14D3-5695-F345-740FB76807FE}"
EndProject
Project("{FAE04EC0-301F-11D3-BF4B-00C04F79EFBC}") = "DDD_CQRS.Infrastructure", "src\DDD_CQRS.Infrastructure\DDD_CQRS.Infrastructure.csproj", "{13ECDF08-0A96-7F8D-9811-38A91165B538}"
EndProject
Project("{FAE04EC0-301F-11D3-BF4B-00C04F79EFBC}") = "DDD_CQRS.SharedKernel", "src\DDD_CQRS.SharedKernel\DDD_CQRS.SharedKernel.csproj", "{24C6E8AF-2A20-F446-DB7E-868039967797}"
EndProject
Project("{FAE04EC0-301F-11D3-BF4B-00C04F79EFBC}") = "DDD_CQRS.Presentation", "src\DDD_CQRS.Presentation\DDD_CQRS.Presentation.csproj", "{9CCAADD1-73EA-173E-C794-1BC736FD7566}"
EndProject
Global
	GlobalSection(SolutionConfigurationPlatforms) = preSolution
		Debug|Any CPU = Debug|Any CPU
		Release|Any CPU = Release|Any CPU
	EndGlobalSection
	GlobalSection(ProjectConfigurationPlatforms) = postSolution
		{E03A6538-D888-9C1A-81AC-F36A7C344E20}.Debug|Any CPU.ActiveCfg = Debug|Any CPU
		{E03A6538-D888-9C1A-81AC-F36A7C344E20}.Debug|Any CPU.Build.0 = Debug|Any CPU
		{E03A6538-D888-9C1A-81AC-F36A7C344E20}.Release|Any CPU.ActiveCfg = Release|Any CPU
		{E03A6538-D888-9C1A-81AC-F36A7C344E20}.Release|Any CPU.Build.0 = Release|Any CPU
		{BDBD1152-14D3-5695-F345-740FB76807FE}.Debug|Any CPU.ActiveCfg = Debug|Any CPU
		{BDBD1152-14D3-5695-F345-740FB76807FE}.Debug|Any CPU.Build.0 = Debug|Any CPU
		{BDBD1152-14D3-5695-F345-740FB76807FE}.Release|Any CPU.ActiveCfg = Release|Any CPU
		{BDBD1152-14D3-5695-F345-740FB76807FE}.Release|Any CPU.Build.0 = Release|Any CPU
		{13ECDF08-0A96-7F8D-9811-38A91165B538}.Debug|Any CPU.ActiveCfg = Debug|Any CPU
		{13ECDF08-0A96-7F8D-9811-38A91165B538}.Debug|Any CPU.Build.0 = Debug|Any CPU
		{13ECDF08-0A96-7F8D-9811-38A91165B538}.Release|Any CPU.ActiveCfg = Release|Any CPU
		{13ECDF08-0A96-7F8D-9811-38A91165B538}.Release|Any CPU.Build.0 = Release|Any CPU
		{24C6E8AF-2A20-F446-DB7E-868039967797}.Debug|Any CPU.ActiveCfg = Debug|Any CPU
		{24C6E8AF-2A20-F446-DB7E-868039967797}.Debug|Any CPU.Build.0 = Debug|Any CPU
		{24C6E8AF-2A20-F446-DB7E-868039967797}.Release|Any CPU.ActiveCfg = Release|Any CPU
		{24C6E8AF-2A20-F446-DB7E-868039967797}.Release|Any CPU.Build.0 = Release|Any CPU
		{9CCAADD1-73EA-173E-C794-1BC736FD7566}.Debug|Any CPU.ActiveCfg = Debug|Any CPU
		{9CCAADD1-73EA-173E-C794-1BC736FD7566}.Debug|Any CPU.Build.0 = Debug|Any CPU
		{9CCAADD1-73EA-173E-C794-1BC736FD7566}.Release|Any CPU.ActiveCfg = Release|Any CPU
		{9CCAADD1-73EA-173E-C794-1BC736FD7566}.Release|Any CPU.Build.0 = Release|Any CPU
	EndGlobalSection
	GlobalSection(SolutionProperties) = preSolution
		HideSolutionNode = FALSE
	EndGlobalSection
	GlobalSection(NestedProjects) = preSolution
		{E03A6538-D888-9C1A-81AC-F36A7C344E20} = {64A28C1B-09AF-426E-8721-D002BE554B48}
		{BDBD1152-14D3-5695-F345-740FB76807FE} = {64A28C1B-09AF-426E-8721-D002BE554B48}
		{13ECDF08-0A96-7F8D-9811-38A91165B538} = {64A28C1B-09AF-426E-8721-D002BE554B48}
		{24C6E8AF-2A20-F446-DB7E-868039967797} = {64A28C1B-09AF-426E-8721-D002BE554B48}
		{9CCAADD1-73EA-173E-C794-1BC736FD7566} = {64A28C1B-09AF-426E-8721-D002BE554B48}
	EndGlobalSection
	GlobalSection(ExtensibilityGlobals) = postSolution
		SolutionGuid = {B948A3CC-9872-4612-ABD2-BB3D49671542}
	EndGlobalSection
EndGlobal
